<?xml version="1.0" encoding="utf-8"?>
<Project ToolsVersion="4.0" xmlns="http://schemas.microsoft.com/developer/msbuild/2003">
  <ItemGroup>
    <Filter Include="Source Files">
      <UniqueIdentifier>{4FC737F1-C7A5-4376-A066-2A32D752A2FF}</UniqueIdentifier>
      <Extensions>cpp;c;cc;cxx;def;odl;idl;hpj;bat;asm;asmx</Extensions>
    </Filter>
    <Filter Include="Header Files">
      <UniqueIdentifier>{93995380-89BD-4b04-88EB-625FBE52EBFB}</UniqueIdentifier>
      <Extensions>h;hh;hpp;hxx;hm;inl;inc;ipp;xsd</Extensions>
    </Filter>
    <Filter Include="Resource Files">
      <UniqueIdentifier>{67DA6AB6-F800-4c08-8B7A-83BB121AAD01}</UniqueIdentifier>
      <Extensions>rc;ico;cur;bmp;dlg;rc2;rct;bin;rgs;gif;jpg;jpeg;jpe;resx;tiff;tif;png;wav;mfcribbon-ms</Extensions>
    </Filter>
    <Filter Include="Header Files\Lib">
      <UniqueIdentifier>{48b60800-17fd-47b8-bc00-b2a3de1a9368}</UniqueIdentifier>
    </Filter>
    <Filter Include="Header Files\Lib\imgui">
      <UniqueIdentifier>{07f0e866-11b5-4390-aa36-a02570fcce93}</UniqueIdentifier>
    </Filter>
    <Filter Include="Source Files\Lib">
      <UniqueIdentifier>{8f85d672-8806-4bc5-a597-df3965d0866b}</UniqueIdentifier>
    </Filter>
  </ItemGroup>
  <ItemGroup>
    <ClInclude Include="..\qcommon\qcommon.h">
      <Filter>Header Files</Filter>
    </ClInclude>
    <ClInclude Include="dx_app.h">
      <Filter>Header Files</Filter>
    </ClInclude>
    <ClInclude Include="dx_utils.h">
      <Filter>Header Files</Filter>
    </ClInclude>
    <ClInclude Include="d3dx12.h">
      <Filter>Header Files</Filter>
    </ClInclude>
    <ClInclude Include="dx_local.h">
      <Filter>Header Files</Filter>
    </ClInclude>
    <ClInclude Include="dx_texture.h">
      <Filter>Header Files</Filter>
    </ClInclude>
    <ClInclude Include="dx_common.h">
      <Filter>Header Files</Filter>
    </ClInclude>
    <ClInclude Include="dx_buffer.h">
      <Filter>Header Files</Filter>
    </ClInclude>
    <ClInclude Include="dx_objects.h">
      <Filter>Header Files</Filter>
    </ClInclude>
    <ClInclude Include="dx_shaderdefinitions.h">
      <Filter>Header Files</Filter>
    </ClInclude>
    <ClInclude Include="dx_glmodel.h">
      <Filter>Header Files</Filter>
    </ClInclude>
    <ClInclude Include="..\qcommon\qfiles.h">
      <Filter>Header Files</Filter>
    </ClInclude>
    <ClInclude Include="..\win32\winquake.h">
      <Filter>Header Files</Filter>
    </ClInclude>
    <ClInclude Include="dx_camera.h">
      <Filter>Header Files</Filter>
    </ClInclude>
    <ClInclude Include="dx_diagnostics.h">
      <Filter>Header Files</Filter>
    </ClInclude>
    <ClInclude Include="dx_jobmultithreading.h">
      <Filter>Header Files</Filter>
    </ClInclude>
    <ClInclude Include="dx_frame.h">
      <Filter>Header Files</Filter>
    </ClInclude>
    <ClInclude Include="dx_descriptorheapallocator.h">
      <Filter>Header Files</Filter>
    </ClInclude>
    <ClInclude Include="dx_allocators.h">
      <Filter>Header Files</Filter>
    </ClInclude>
    <ClInclude Include="dx_infrastructure.h">
      <Filter>Header Files</Filter>
    </ClInclude>
    <ClInclude Include="dx_drawcalls.h">
      <Filter>Header Files</Filter>
    </ClInclude>
    <ClInclude Include="dx_commandlist.h">
      <Filter>Header Files</Filter>
    </ClInclude>
    <ClInclude Include="dx_threadingutils.h">
      <Filter>Header Files</Filter>
    </ClInclude>
    <ClInclude Include="dx_settings.h">
      <Filter>Header Files</Filter>
    </ClInclude>
    <ClInclude Include="Lib\peglib.h">
      <Filter>Header Files\Lib</Filter>
    </ClInclude>
    <ClInclude Include="Lib\crc32.h">
      <Filter>Header Files\Lib</Filter>
    </ClInclude>
    <ClInclude Include="dx_rendercallbacks.h">
      <Filter>Header Files</Filter>
    </ClInclude>
    <ClInclude Include="dx_memorymanager.h">
      <Filter>Header Files</Filter>
    </ClInclude>
    <ClInclude Include="dx_resourcemanager.h">
      <Filter>Header Files</Filter>
    </ClInclude>
    <ClInclude Include="dx_passparameters.h">
      <Filter>Header Files</Filter>
    </ClInclude>
    <ClInclude Include="dx_pass.h">
      <Filter>Header Files</Filter>
    </ClInclude>
    <ClInclude Include="dx_framegraphbuilder.h">
      <Filter>Header Files</Filter>
    </ClInclude>
    <ClInclude Include="dx_framegraph.h">
      <Filter>Header Files</Filter>
    </ClInclude>
    <ClInclude Include="dx_bsp.h">
      <Filter>Header Files</Filter>
    </ClInclude>
    <ClInclude Include="dx_light.h">
      <Filter>Header Files</Filter>
    </ClInclude>
    <ClInclude Include="Lib\imgui\imgui.h">
      <Filter>Header Files\Lib\imgui</Filter>
    </ClInclude>
    <ClInclude Include="Lib\imgui\imgui_internal.h">
      <Filter>Header Files\Lib\imgui</Filter>
    </ClInclude>
    <ClInclude Include="Lib\imgui\imstb_rectpack.h">
      <Filter>Header Files\Lib\imgui</Filter>
    </ClInclude>
    <ClInclude Include="Lib\imgui\imstb_textedit.h">
      <Filter>Header Files\Lib\imgui</Filter>
    </ClInclude>
    <ClInclude Include="Lib\imgui\imstb_truetype.h">
      <Filter>Header Files\Lib\imgui</Filter>
    </ClInclude>
    <ClInclude Include="Lib\imgui\backends\imgui_impl_dx12.h">
      <Filter>Header Files\Lib\imgui</Filter>
    </ClInclude>
    <ClInclude Include="Lib\imgui\backends\imgui_impl_win32.h">
      <Filter>Header Files\Lib\imgui</Filter>
    </ClInclude>
    <ClInclude Include="Lib\imgui\imconfig.h">
      <Filter>Header Files\Lib\imgui</Filter>
    </ClInclude>
  </ItemGroup>
  <ItemGroup>
    <None Include="ref_dx12.def">
      <Filter>Resource Files</Filter>
    </None>
    <None Include="packages.config" />
  </ItemGroup>
  <ItemGroup>
    <ClCompile Include="dx_app.cpp">
      <Filter>Source Files</Filter>
    </ClCompile>
    <ClCompile Include="dx_utils.cpp">
      <Filter>Source Files</Filter>
    </ClCompile>
    <ClCompile Include="dx_rmain.cpp">
      <Filter>Source Files</Filter>
    </ClCompile>
    <ClCompile Include="dx_texture.cpp">
      <Filter>Source Files</Filter>
    </ClCompile>
    <ClCompile Include="..\game\q_shared.c">
      <Filter>Source Files</Filter>
    </ClCompile>
    <ClCompile Include="dx_buffer.cpp">
      <Filter>Source Files</Filter>
    </ClCompile>
    <ClCompile Include="dx_objects.cpp">
      <Filter>Source Files</Filter>
    </ClCompile>
    <ClCompile Include="dx_glmodel.cpp">
      <Filter>Source Files</Filter>
    </ClCompile>
    <ClCompile Include="..\win32\q_shwin.c">
      <Filter>Source Files</Filter>
    </ClCompile>
    <ClCompile Include="dx_camera.cpp">
      <Filter>Source Files</Filter>
    </ClCompile>
    <ClCompile Include="dx_diagnostics.cpp">
      <Filter>Source Files</Filter>
    </ClCompile>
    <ClCompile Include="dx_jobmultithreading.cpp">
      <Filter>Source Files</Filter>
    </ClCompile>
    <ClCompile Include="dx_frame.cpp">
      <Filter>Source Files</Filter>
    </ClCompile>
    <ClCompile Include="dx_descriptorheapallocator.cpp">
      <Filter>Source Files</Filter>
    </ClCompile>
    <ClCompile Include="dx_allocators.cpp">
      <Filter>Source Files</Filter>
    </ClCompile>
    <ClCompile Include="dx_infrastructure.cpp">
      <Filter>Source Files</Filter>
    </ClCompile>
    <ClCompile Include="dx_drawcalls.cpp">
      <Filter>Source Files</Filter>
    </ClCompile>
    <ClCompile Include="dx_commandlist.cpp">
      <Filter>Source Files</Filter>
    </ClCompile>
    <ClCompile Include="dx_threadingutils.cpp">
      <Filter>Source Files</Filter>
    </ClCompile>
    <ClCompile Include="dx_settings.cpp">
      <Filter>Source Files</Filter>
    </ClCompile>
    <ClCompile Include="dx_memorymanager.cpp">
      <Filter>Source Files</Filter>
    </ClCompile>
    <ClCompile Include="dx_resourcemanager.cpp">
      <Filter>Source Files</Filter>
    </ClCompile>
    <ClCompile Include="dx_passparameters.cpp">
      <Filter>Source Files</Filter>
    </ClCompile>
    <ClCompile Include="dx_pass.cpp">
      <Filter>Source Files</Filter>
    </ClCompile>
    <ClCompile Include="dx_framegraphbuilder.cpp">
      <Filter>Source Files</Filter>
    </ClCompile>
    <ClCompile Include="dx_framegraph.cpp">
      <Filter>Source Files</Filter>
    </ClCompile>
    <ClCompile Include="dx_bsp.cpp">
      <Filter>Source Files</Filter>
    </ClCompile>
    <ClCompile Include="dx_light.cpp">
      <Filter>Source Files</Filter>
    </ClCompile>
    <ClCompile Include="Lib\imgui\imgui.cpp">
      <Filter>Source Files\Lib</Filter>
    </ClCompile>
    <ClCompile Include="Lib\imgui\imgui_demo.cpp">
      <Filter>Source Files\Lib</Filter>
    </ClCompile>
    <ClCompile Include="Lib\imgui\backends\imgui_impl_dx12.cpp">
      <Filter>Source Files\Lib</Filter>
    </ClCompile>
    <ClCompile Include="Lib\imgui\backends\imgui_impl_win32.cpp">
      <Filter>Source Files\Lib</Filter>
    </ClCompile>
    <ClCompile Include="Lib\imgui\imgui_tables.cpp">
      <Filter>Source Files\Lib</Filter>
    </ClCompile>
    <ClCompile Include="Lib\imgui\imgui_widgets.cpp">
      <Filter>Source Files\Lib</Filter>
    </ClCompile>
    <ClCompile Include="Lib\imgui\imgui_draw.cpp">
      <Filter>Source Files\Lib</Filter>
    </ClCompile>
  </ItemGroup>
</Project>