<?xml version="1.0" encoding="utf-8"?>
<Project ToolsVersion="4.0" xmlns="http://schemas.microsoft.com/developer/msbuild/2003">
  <ItemGroup>
    <Filter Include="Source Files">
      <UniqueIdentifier>{4FC737F1-C7A5-4376-A066-2A32D752A2FF}</UniqueIdentifier>
      <Extensions>cpp;c;cc;cxx;def;odl;idl;hpj;bat;asm;asmx</Extensions>
    </Filter>
    <Filter Include="Header Files">
      <UniqueIdentifier>{93995380-89BD-4b04-88EB-625FBE52EBFB}</UniqueIdentifier>
      <Extensions>h;hh;hpp;hxx;hm;inl;inc;ipp;xsd</Extensions>
    </Filter>
    <Filter Include="Resource Files">
      <UniqueIdentifier>{67DA6AB6-F800-4c08-8B7A-83BB121AAD01}</UniqueIdentifier>
      <Extensions>rc;ico;cur;bmp;dlg;rc2;rct;bin;rgs;gif;jpg;jpeg;jpe;resx;tiff;tif;png;wav;mfcribbon-ms</Extensions>
    </Filter>
    <Filter Include="Shaders">
      <UniqueIdentifier>{b160e90b-a57c-4504-8304-cf6237080178}</UniqueIdentifier>
    </Filter>
    <Filter Include="Header Files\Lib">
      <UniqueIdentifier>{48b60800-17fd-47b8-bc00-b2a3de1a9368}</UniqueIdentifier>
    </Filter>
  </ItemGroup>
  <ItemGroup>
    <ClInclude Include="..\qcommon\qcommon.h">
      <Filter>Header Files</Filter>
    </ClInclude>
    <ClInclude Include="dx_app.h">
      <Filter>Header Files</Filter>
    </ClInclude>
    <ClInclude Include="dx_utils.h">
      <Filter>Header Files</Filter>
    </ClInclude>
    <ClInclude Include="d3dx12.h">
      <Filter>Header Files</Filter>
    </ClInclude>
    <ClInclude Include="dx_local.h">
      <Filter>Header Files</Filter>
    </ClInclude>
    <ClInclude Include="dx_texture.h">
      <Filter>Header Files</Filter>
    </ClInclude>
    <ClInclude Include="dx_common.h">
      <Filter>Header Files</Filter>
    </ClInclude>
    <ClInclude Include="dx_buffer.h">
      <Filter>Header Files</Filter>
    </ClInclude>
    <ClInclude Include="dx_objects.h">
      <Filter>Header Files</Filter>
    </ClInclude>
    <ClInclude Include="dx_shaderdefinitions.h">
      <Filter>Header Files</Filter>
    </ClInclude>
    <ClInclude Include="dx_glmodel.h">
      <Filter>Header Files</Filter>
    </ClInclude>
    <ClInclude Include="..\qcommon\qfiles.h">
      <Filter>Header Files</Filter>
    </ClInclude>
    <ClInclude Include="..\win32\winquake.h">
      <Filter>Header Files</Filter>
    </ClInclude>
    <ClInclude Include="dx_camera.h">
      <Filter>Header Files</Filter>
    </ClInclude>
    <ClInclude Include="dx_material.h">
      <Filter>Header Files</Filter>
    </ClInclude>
    <ClInclude Include="dx_diagnostics.h">
      <Filter>Header Files</Filter>
    </ClInclude>
    <ClInclude Include="dx_jobmultithreading.h">
      <Filter>Header Files</Filter>
    </ClInclude>
    <ClInclude Include="dx_frame.h">
      <Filter>Header Files</Filter>
    </ClInclude>
    <ClInclude Include="dx_descriptorheap.h">
      <Filter>Header Files</Filter>
    </ClInclude>
    <ClInclude Include="dx_allocators.h">
      <Filter>Header Files</Filter>
    </ClInclude>
    <ClInclude Include="dx_infrastructure.h">
      <Filter>Header Files</Filter>
    </ClInclude>
    <ClInclude Include="dx_drawcalls.h">
      <Filter>Header Files</Filter>
    </ClInclude>
    <ClInclude Include="dx_commandlist.h">
      <Filter>Header Files</Filter>
    </ClInclude>
    <ClInclude Include="dx_threadingutils.h">
      <Filter>Header Files</Filter>
    </ClInclude>
    <ClInclude Include="dx_settings.h">
      <Filter>Header Files</Filter>
    </ClInclude>
    <ClInclude Include="dx_materialcompiler.h">
      <Filter>Header Files</Filter>
    </ClInclude>
    <ClInclude Include="Lib\peglib.h">
      <Filter>Header Files\Lib</Filter>
    </ClInclude>
    <ClInclude Include="Lib\crc32.h">
      <Filter>Header Files\Lib</Filter>
    </ClInclude>
  </ItemGroup>
  <ItemGroup>
    <None Include="ref_dx12.def">
      <Filter>Resource Files</Filter>
    </None>
    <None Include="packages.config" />
  </ItemGroup>
  <ItemGroup>
    <ClCompile Include="dx_app.cpp">
      <Filter>Source Files</Filter>
    </ClCompile>
    <ClCompile Include="dx_utils.cpp">
      <Filter>Source Files</Filter>
    </ClCompile>
    <ClCompile Include="dx_rmain.cpp">
      <Filter>Source Files</Filter>
    </ClCompile>
    <ClCompile Include="dx_texture.cpp">
      <Filter>Source Files</Filter>
    </ClCompile>
    <ClCompile Include="..\game\q_shared.c">
      <Filter>Source Files</Filter>
    </ClCompile>
    <ClCompile Include="dx_buffer.cpp">
      <Filter>Source Files</Filter>
    </ClCompile>
    <ClCompile Include="dx_objects.cpp">
      <Filter>Source Files</Filter>
    </ClCompile>
    <ClCompile Include="dx_glmodel.cpp">
      <Filter>Source Files</Filter>
    </ClCompile>
    <ClCompile Include="..\win32\q_shwin.c">
      <Filter>Source Files</Filter>
    </ClCompile>
    <ClCompile Include="dx_camera.cpp">
      <Filter>Source Files</Filter>
    </ClCompile>
    <ClCompile Include="dx_material.cpp">
      <Filter>Source Files</Filter>
    </ClCompile>
    <ClCompile Include="dx_diagnostics.cpp">
      <Filter>Source Files</Filter>
    </ClCompile>
    <ClCompile Include="dx_jobmultithreading.cpp">
      <Filter>Source Files</Filter>
    </ClCompile>
    <ClCompile Include="dx_frame.cpp">
      <Filter>Source Files</Filter>
    </ClCompile>
    <ClCompile Include="dx_descriptorheap.cpp">
      <Filter>Source Files</Filter>
    </ClCompile>
    <ClCompile Include="dx_allocators.cpp">
      <Filter>Source Files</Filter>
    </ClCompile>
    <ClCompile Include="dx_infrastructure.cpp">
      <Filter>Source Files</Filter>
    </ClCompile>
    <ClCompile Include="dx_drawcalls.cpp">
      <Filter>Source Files</Filter>
    </ClCompile>
    <ClCompile Include="dx_commandlist.cpp">
      <Filter>Source Files</Filter>
    </ClCompile>
    <ClCompile Include="dx_threadingutils.cpp">
      <Filter>Source Files</Filter>
    </ClCompile>
    <ClCompile Include="dx_settings.cpp">
      <Filter>Source Files</Filter>
    </ClCompile>
    <ClCompile Include="dx_materialcompiler.cpp">
      <Filter>Source Files</Filter>
    </ClCompile>
  </ItemGroup>
  <ItemGroup>
    <FxCompile Include="Shaders\vs_PosTex.hlsl">
      <Filter>Shaders</Filter>
    </FxCompile>
    <FxCompile Include="Shaders\ps_PosTex.hlsl">
      <Filter>Shaders</Filter>
    </FxCompile>
    <FxCompile Include="Shaders\gs_Particle.hlsl">
      <Filter>Shaders</Filter>
    </FxCompile>
    <FxCompile Include="Shaders\ps_Particle.hlsl">
      <Filter>Shaders</Filter>
    </FxCompile>
    <FxCompile Include="Shaders\vs_Particle.hlsl">
      <Filter>Shaders</Filter>
    </FxCompile>
    <FxCompile Include="Shaders\vs_PosPosTex.hlsl">
      <Filter>Shaders</Filter>
    </FxCompile>
  </ItemGroup>
</Project>